
Microsoft Visual Studio Solution File, Format Version 12.00
# Visual Studio Version 17
VisualStudioVersion = 17.0.32002.185
MinimumVisualStudioVersion = 10.0.40219.1
Project("{FAE04EC0-301F-11D3-BF4B-00C04F79EFBC}") = "NewFitnessApp", "NewFitnessApp\NewFitnessApp.csproj", "{77F538A2-57C9-44BE-BF63-187113B76CA6}"
EndProject
Global
	GlobalSection(SolutionConfigurationPlatforms) = preSolution
		Debug|Any CPU = Debug|Any CPU
		Release|Any CPU = Release|Any CPU
	EndGlobalSection
	GlobalSection(ProjectConfigurationPlatforms) = postSolution
		{77F538A2-57C9-44BE-BF63-187113B76CA6}.Debug|Any CPU.ActiveCfg = Debug|Any CPU
		{77F538A2-57C9-44BE-BF63-187113B76CA6}.Debug|Any CPU.Build.0 = Debug|Any CPU
		{77F538A2-57C9-44BE-BF63-187113B76CA6}.Release|Any CPU.ActiveCfg = Release|Any CPU
		{77F538A2-57C9-44BE-BF63-187113B76CA6}.Release|Any CPU.Build.0 = Release|Any CPU
	EndGlobalSection
	GlobalSection(SolutionProperties) = preSolution
		HideSolutionNode = FALSE
	EndGlobalSection
	GlobalSection(ExtensibilityGlobals) = postSolution
		SolutionGuid = {5CB40E2F-0EC0-471E-9E4E-0FB914848057}
	EndGlobalSection
EndGlobal
